
Microsoft Visual Studio Solution File, Format Version 12.00
# Visual Studio 15
VisualStudioVersion = 15.0.27703.2035
MinimumVisualStudioVersion = 10.0.40219.1
Project("{FAE04EC0-301F-11D3-BF4B-00C04F79EFBC}") = "Ch4-P11-FunWithTuples", "Ch4-P11-FunWithTuples\Ch4-P11-FunWithTuples.csproj", "{DE487F8B-F4CE-4847-B97A-7A5D7404E5DF}"
EndProject
Global
	GlobalSection(SolutionConfigurationPlatforms) = preSolution
		Debug|Any CPU = Debug|Any CPU
		Release|Any CPU = Release|Any CPU
	EndGlobalSection
	GlobalSection(ProjectConfigurationPlatforms) = postSolution
		{DE487F8B-F4CE-4847-B97A-7A5D7404E5DF}.Debug|Any CPU.ActiveCfg = Debug|Any CPU
		{DE487F8B-F4CE-4847-B97A-7A5D7404E5DF}.Debug|Any CPU.Build.0 = Debug|Any CPU
		{DE487F8B-F4CE-4847-B97A-7A5D7404E5DF}.Release|Any CPU.ActiveCfg = Release|Any CPU
		{DE487F8B-F4CE-4847-B97A-7A5D7404E5DF}.Release|Any CPU.Build.0 = Release|Any CPU
	EndGlobalSection
	GlobalSection(SolutionProperties) = preSolution
		HideSolutionNode = FALSE
	EndGlobalSection
	GlobalSection(ExtensibilityGlobals) = postSolution
		SolutionGuid = {6604F3A8-0096-4BEF-B6BA-B5DD1F9061B8}
	EndGlobalSection
EndGlobal
